// !$*UTF8*$!
{
	archiveVersion = 1;
	classes = {
	};
	objectVersion = 77;
	objects = {

/* Begin PBXBuildFile section */
		119E9B7B0B8DD0AB4F9E8D22 /* RevApp.swift in Sources */ = {isa = PBXBuildFile; fileRef = A612DB066C3D529986584A8B /* RevApp.swift */; };
		39C766231BFD1B1F1BC2BA09 /* DriveHistoryView.swift in Sources */ = {isa = PBXBuildFile; fileRef = 10849F8A99B2FA27FA632C14 /* DriveHistoryView.swift */; };
		50A65F1593C4D85C05336D0F /* LeaderboardView.swift in Sources */ = {isa = PBXBuildFile; fileRef = 40C0F969107087F96013E67F /* LeaderboardView.swift */; };
		750F9185B65529585FBA4B91 /* AppleSignInButton.swift in Sources */ = {isa = PBXBuildFile; fileRef = 5581F52012A4971B7DF1565F /* AppleSignInButton.swift */; };
		76D2E8C90B5B0FFB50669733 /* ProfileSettingsView.swift in Sources */ = {isa = PBXBuildFile; fileRef = 136227412603B5999AB44748 /* ProfileSettingsView.swift */; };
		93CD44AAF31CAA09F5896AE6 /* OnboardingView.swift in Sources */ = {isa = PBXBuildFile; fileRef = 15713F2A44FA62B340F54D44 /* OnboardingView.swift */; };
		9422689350B941F2325CCDA5 /* RootView.swift in Sources */ = {isa = PBXBuildFile; fileRef = 32B76981DF5A715E1D4AC6D1 /* RootView.swift */; };
		9DB481CF7D7CCCCE854ED4E4 /* DriveSummaryView.swift in Sources */ = {isa = PBXBuildFile; fileRef = 2CC7C26388624657DEC54AA1 /* DriveSummaryView.swift */; };
		A1A1FDD4DEE57AD8D0295622 /* ColorHex.swift in Sources */ = {isa = PBXBuildFile; fileRef = 14FDC10F6072E934167CD1D7 /* ColorHex.swift */; };
		BB5899A14A53771AB31DEE89 /* RevKit in Frameworks */ = {isa = PBXBuildFile; productRef = D9B7B4275284769A91EF50C5 /* RevKit */; };
/* End PBXBuildFile section */

/* Begin PBXFileReference section */
		10849F8A99B2FA27FA632C14 /* DriveHistoryView.swift */ = {isa = PBXFileReference; lastKnownFileType = sourcecode.swift; path = DriveHistoryView.swift; sourceTree = "<group>"; };
		136227412603B5999AB44748 /* ProfileSettingsView.swift */ = {isa = PBXFileReference; lastKnownFileType = sourcecode.swift; path = ProfileSettingsView.swift; sourceTree = "<group>"; };
		14FDC10F6072E934167CD1D7 /* ColorHex.swift */ = {isa = PBXFileReference; lastKnownFileType = sourcecode.swift; path = ColorHex.swift; sourceTree = "<group>"; };
		15713F2A44FA62B340F54D44 /* OnboardingView.swift */ = {isa = PBXFileReference; lastKnownFileType = sourcecode.swift; path = OnboardingView.swift; sourceTree = "<group>"; };
		26711864EBD6BFBDD37E9669 /* Rev.entitlements */ = {isa = PBXFileReference; lastKnownFileType = text.plist.entitlements; path = Rev.entitlements; sourceTree = "<group>"; };
		2CC7C26388624657DEC54AA1 /* DriveSummaryView.swift */ = {isa = PBXFileReference; lastKnownFileType = sourcecode.swift; path = DriveSummaryView.swift; sourceTree = "<group>"; };
		32B76981DF5A715E1D4AC6D1 /* RootView.swift */ = {isa = PBXFileReference; lastKnownFileType = sourcecode.swift; path = RootView.swift; sourceTree = "<group>"; };
		40C0F969107087F96013E67F /* LeaderboardView.swift */ = {isa = PBXFileReference; lastKnownFileType = sourcecode.swift; path = LeaderboardView.swift; sourceTree = "<group>"; };
		5581F52012A4971B7DF1565F /* AppleSignInButton.swift */ = {isa = PBXFileReference; lastKnownFileType = sourcecode.swift; path = AppleSignInButton.swift; sourceTree = "<group>"; };
		91A4895964A768B703C46392 /* Info.plist */ = {isa = PBXFileReference; lastKnownFileType = text.plist; path = Info.plist; sourceTree = "<group>"; };
		96C64F7A6F30957F0653F624 /* RevKit */ = {isa = PBXFileReference; lastKnownFileType = folder; path = RevKit; sourceTree = SOURCE_ROOT; };
		A14A42EEDF08D006B0DAD8C1 /* Rev.app */ = {isa = PBXFileReference; explicitFileType = wrapper.application; includeInIndex = 0; path = Rev.app; sourceTree = BUILT_PRODUCTS_DIR; };
		A612DB066C3D529986584A8B /* RevApp.swift */ = {isa = PBXFileReference; lastKnownFileType = sourcecode.swift; path = RevApp.swift; sourceTree = "<group>"; };
/* End PBXFileReference section */

/* Begin PBXFrameworksBuildPhase section */
		0ACBCA3F217932BA1475B516 /* Frameworks */ = {
			isa = PBXFrameworksBuildPhase;
			buildActionMask = 2147483647;
			files = (
				BB5899A14A53771AB31DEE89 /* RevKit in Frameworks */,
			);
			runOnlyForDeploymentPostprocessing = 0;
		};
/* End PBXFrameworksBuildPhase section */

/* Begin PBXGroup section */
		67C259D607CD7F162B12DE16 /* Rev */ = {
			isa = PBXGroup;
			children = (
				91A4895964A768B703C46392 /* Info.plist */,
				26711864EBD6BFBDD37E9669 /* Rev.entitlements */,
				B1B3B3DF4CE62CE68F89C3C4 /* App */,
			);
			path = Rev;
			sourceTree = "<group>";
		};
		71FA7C28AE8D30D4F8AAF814 /* Packages */ = {
			isa = PBXGroup;
			children = (
				96C64F7A6F30957F0653F624 /* RevKit */,
			);
			name = Packages;
			sourceTree = "<group>";
		};
		7232386AC9B9B6FFF0843CC7 /* Products */ = {
			isa = PBXGroup;
			children = (
				A14A42EEDF08D006B0DAD8C1 /* Rev.app */,
			);
			name = Products;
			sourceTree = "<group>";
		};
		B1B3B3DF4CE62CE68F89C3C4 /* App */ = {
			isa = PBXGroup;
			children = (
				5581F52012A4971B7DF1565F /* AppleSignInButton.swift */,
				14FDC10F6072E934167CD1D7 /* ColorHex.swift */,
				10849F8A99B2FA27FA632C14 /* DriveHistoryView.swift */,
				2CC7C26388624657DEC54AA1 /* DriveSummaryView.swift */,
				40C0F969107087F96013E67F /* LeaderboardView.swift */,
				15713F2A44FA62B340F54D44 /* OnboardingView.swift */,
				136227412603B5999AB44748 /* ProfileSettingsView.swift */,
				A612DB066C3D529986584A8B /* RevApp.swift */,
				32B76981DF5A715E1D4AC6D1 /* RootView.swift */,
			);
			path = App;
			sourceTree = "<group>";
		};
		B70B2AEF25D0AE17A0127E4F = {
			isa = PBXGroup;
			children = (
				71FA7C28AE8D30D4F8AAF814 /* Packages */,
				67C259D607CD7F162B12DE16 /* Rev */,
				7232386AC9B9B6FFF0843CC7 /* Products */,
			);
			sourceTree = "<group>";
		};
/* End PBXGroup section */

/* Begin PBXNativeTarget section */
		6DB0851F2343469158CF0ECF /* Rev */ = {
			isa = PBXNativeTarget;
			buildConfigurationList = 86EE6FE616F6F374793C7873 /* Build configuration list for PBXNativeTarget "Rev" */;
			buildPhases = (
				99D2D0C09048D0742EB6B6EB /* Sources */,
				0ACBCA3F217932BA1475B516 /* Frameworks */,
			);
			buildRules = (
			);
			dependencies = (
			);
			name = Rev;
			packageProductDependencies = (
				D9B7B4275284769A91EF50C5 /* RevKit */,
			);
			productName = Rev;
			productReference = A14A42EEDF08D006B0DAD8C1 /* Rev.app */;
			productType = "com.apple.product-type.application";
		};
/* End PBXNativeTarget section */

/* Begin PBXProject section */
		C9DC64E27AD1B0C067701727 /* Project object */ = {
			isa = PBXProject;
			attributes = {
				BuildIndependentTargetsInParallel = YES;
				LastUpgradeCheck = 1430;
				TargetAttributes = {
					6DB0851F2343469158CF0ECF = {
						SystemCapabilities = {
							com.apple.SignInWithApple = {
								enabled = 1;
							};
						};
					};
				};
			};
			buildConfigurationList = E5AAED5AF29484A42097BAAF /* Build configuration list for PBXProject "Rev" */;
			developmentRegion = en;
			hasScannedForEncodings = 0;
			knownRegions = (
				Base,
				en,
			);
			mainGroup = B70B2AEF25D0AE17A0127E4F;
			minimizedProjectReferenceProxies = 1;
			packageReferences = (
				FE28793762A7F2768A6D8040 /* XCLocalSwiftPackageReference "RevKit" */,
			);
			preferredProjectObjectVersion = 77;
			productRefGroup = 7232386AC9B9B6FFF0843CC7 /* Products */;
			projectDirPath = "";
			projectRoot = "";
			targets = (
				6DB0851F2343469158CF0ECF /* Rev */,
			);
		};
/* End PBXProject section */

/* Begin PBXSourcesBuildPhase section */
		99D2D0C09048D0742EB6B6EB /* Sources */ = {
			isa = PBXSourcesBuildPhase;
			buildActionMask = 2147483647;
			files = (
				750F9185B65529585FBA4B91 /* AppleSignInButton.swift in Sources */,
				A1A1FDD4DEE57AD8D0295622 /* ColorHex.swift in Sources */,
				39C766231BFD1B1F1BC2BA09 /* DriveHistoryView.swift in Sources */,
				9DB481CF7D7CCCCE854ED4E4 /* DriveSummaryView.swift in Sources */,
				50A65F1593C4D85C05336D0F /* LeaderboardView.swift in Sources */,
				93CD44AAF31CAA09F5896AE6 /* OnboardingView.swift in Sources */,
				76D2E8C90B5B0FFB50669733 /* ProfileSettingsView.swift in Sources */,
				119E9B7B0B8DD0AB4F9E8D22 /* RevApp.swift in Sources */,
				9422689350B941F2325CCDA5 /* RootView.swift in Sources */,
			);
			runOnlyForDeploymentPostprocessing = 0;
		};
/* End PBXSourcesBuildPhase section */

/* Begin XCBuildConfiguration section */
		0F6DDB95F2812D4F55FC2A7E /* Release */ = {
			isa = XCBuildConfiguration;
			buildSettings = {
				ALWAYS_SEARCH_USER_PATHS = NO;
				CLANG_ANALYZER_NONNULL = YES;
				CLANG_ANALYZER_NUMBER_OBJECT_CONVERSION = YES_AGGRESSIVE;
				CLANG_CXX_LANGUAGE_STANDARD = "gnu++14";
				CLANG_CXX_LIBRARY = "libc++";
				CLANG_ENABLE_MODULES = YES;
				CLANG_ENABLE_OBJC_ARC = YES;
				CLANG_ENABLE_OBJC_WEAK = YES;
				CLANG_WARN_BLOCK_CAPTURE_AUTORELEASING = YES;
				CLANG_WARN_BOOL_CONVERSION = YES;
				CLANG_WARN_COMMA = YES;
				CLANG_WARN_CONSTANT_CONVERSION = YES;
				CLANG_WARN_DEPRECATED_OBJC_IMPLEMENTATIONS = YES;
				CLANG_WARN_DIRECT_OBJC_ISA_USAGE = YES_ERROR;
				CLANG_WARN_DOCUMENTATION_COMMENTS = YES;
				CLANG_WARN_EMPTY_BODY = YES;
				CLANG_WARN_ENUM_CONVERSION = YES;
				CLANG_WARN_INFINITE_RECURSION = YES;
				CLANG_WARN_INT_CONVERSION = YES;
				CLANG_WARN_NON_LITERAL_NULL_CONVERSION = YES;
				CLANG_WARN_OBJC_IMPLICIT_RETAIN_SELF = YES;
				CLANG_WARN_OBJC_LITERAL_CONVERSION = YES;
				CLANG_WARN_OBJC_ROOT_CLASS = YES_ERROR;
				CLANG_WARN_QUOTED_INCLUDE_IN_FRAMEWORK_HEADER = YES;
				CLANG_WARN_RANGE_LOOP_ANALYSIS = YES;
				CLANG_WARN_STRICT_PROTOTYPES = YES;
				CLANG_WARN_SUSPICIOUS_MOVE = YES;
				CLANG_WARN_UNGUARDED_AVAILABILITY = YES_AGGRESSIVE;
				CLANG_WARN_UNREACHABLE_CODE = YES;
				CLANG_WARN__DUPLICATE_METHOD_MATCH = YES;
				COPY_PHASE_STRIP = NO;
				CURRENT_PROJECT_VERSION = 1;
				DEBUG_INFORMATION_FORMAT = "dwarf-with-dsym";
				DEVELOPMENT_TEAM = "";
				ENABLE_NS_ASSERTIONS = NO;
				ENABLE_STRICT_OBJC_MSGSEND = YES;
				GCC_C_LANGUAGE_STANDARD = gnu11;
				GCC_NO_COMMON_BLOCKS = YES;
				GCC_WARN_64_TO_32_BIT_CONVERSION = YES;
				GCC_WARN_ABOUT_RETURN_TYPE = YES_ERROR;
				GCC_WARN_UNDECLARED_SELECTOR = YES;
				GCC_WARN_UNINITIALIZED_AUTOS = YES_AGGRESSIVE;
				GCC_WARN_UNUSED_FUNCTION = YES;
				GCC_WARN_UNUSED_VARIABLE = YES;
				IPHONEOS_DEPLOYMENT_TARGET = 17.0;
				MARKETING_VERSION = 0.1.0;
				MTL_ENABLE_DEBUG_INFO = NO;
				MTL_FAST_MATH = YES;
				PRODUCT_NAME = "$(TARGET_NAME)";
				SDKROOT = iphoneos;
				SWIFT_COMPILATION_MODE = wholemodule;
				SWIFT_OPTIMIZATION_LEVEL = "-O";
				SWIFT_VERSION = 6.0;
			};
			name = Release;
		};
		42775D9C19CFD45F2FD976A5 /* Debug */ = {
			isa = XCBuildConfiguration;
			buildSettings = {
				ALWAYS_SEARCH_USER_PATHS = NO;
				CLANG_ANALYZER_NONNULL = YES;
				CLANG_ANALYZER_NUMBER_OBJECT_CONVERSION = YES_AGGRESSIVE;
				CLANG_CXX_LANGUAGE_STANDARD = "gnu++14";
				CLANG_CXX_LIBRARY = "libc++";
				CLANG_ENABLE_MODULES = YES;
				CLANG_ENABLE_OBJC_ARC = YES;
				CLANG_ENABLE_OBJC_WEAK = YES;
				CLANG_WARN_BLOCK_CAPTURE_AUTORELEASING = YES;
				CLANG_WARN_BOOL_CONVERSION = YES;
				CLANG_WARN_COMMA = YES;
				CLANG_WARN_CONSTANT_CONVERSION = YES;
				CLANG_WARN_DEPRECATED_OBJC_IMPLEMENTATIONS = YES;
				CLANG_WARN_DIRECT_OBJC_ISA_USAGE = YES_ERROR;
				CLANG_WARN_DOCUMENTATION_COMMENTS = YES;
				CLANG_WARN_EMPTY_BODY = YES;
				CLANG_WARN_ENUM_CONVERSION = YES;
				CLANG_WARN_INFINITE_RECURSION = YES;
				CLANG_WARN_INT_CONVERSION = YES;
				CLANG_WARN_NON_LITERAL_NULL_CONVERSION = YES;
				CLANG_WARN_OBJC_IMPLICIT_RETAIN_SELF = YES;
				CLANG_WARN_OBJC_LITERAL_CONVERSION = YES;
				CLANG_WARN_OBJC_ROOT_CLASS = YES_ERROR;
				CLANG_WARN_QUOTED_INCLUDE_IN_FRAMEWORK_HEADER = YES;
				CLANG_WARN_RANGE_LOOP_ANALYSIS = YES;
				CLANG_WARN_STRICT_PROTOTYPES = YES;
				CLANG_WARN_SUSPICIOUS_MOVE = YES;
				CLANG_WARN_UNGUARDED_AVAILABILITY = YES_AGGRESSIVE;
				CLANG_WARN_UNREACHABLE_CODE = YES;
				CLANG_WARN__DUPLICATE_METHOD_MATCH = YES;
				COPY_PHASE_STRIP = NO;
				CURRENT_PROJECT_VERSION = 1;
				DEBUG_INFORMATION_FORMAT = dwarf;
				DEVELOPMENT_TEAM = "";
				ENABLE_STRICT_OBJC_MSGSEND = YES;
				ENABLE_TESTABILITY = YES;
				GCC_C_LANGUAGE_STANDARD = gnu11;
				GCC_DYNAMIC_NO_PIC = NO;
				GCC_NO_COMMON_BLOCKS = YES;
				GCC_OPTIMIZATION_LEVEL = 0;
				GCC_PREPROCESSOR_DEFINITIONS = (
					"$(inherited)",
					"DEBUG=1",
				);
				GCC_WARN_64_TO_32_BIT_CONVERSION = YES;
				GCC_WARN_ABOUT_RETURN_TYPE = YES_ERROR;
				GCC_WARN_UNDECLARED_SELECTOR = YES;
				GCC_WARN_UNINITIALIZED_AUTOS = YES_AGGRESSIVE;
				GCC_WARN_UNUSED_FUNCTION = YES;
				GCC_WARN_UNUSED_VARIABLE = YES;
				IPHONEOS_DEPLOYMENT_TARGET = 17.0;
				MARKETING_VERSION = 0.1.0;
				MTL_ENABLE_DEBUG_INFO = INCLUDE_SOURCE;
				MTL_FAST_MATH = YES;
				ONLY_ACTIVE_ARCH = YES;
				PRODUCT_NAME = "$(TARGET_NAME)";
				SDKROOT = iphoneos;
				SWIFT_ACTIVE_COMPILATION_CONDITIONS = DEBUG;
				SWIFT_OPTIMIZATION_LEVEL = "-Onone";
				SWIFT_VERSION = 6.0;
			};
			name = Debug;
		};
		74FC198813A85BCE244158D5 /* Debug */ = {
			isa = XCBuildConfiguration;
			buildSettings = {
				ASSETCATALOG_COMPILER_APPICON_NAME = AppIcon;
				CODE_SIGN_ENTITLEMENTS = Rev/Rev.entitlements;
				CODE_SIGN_IDENTITY = "iPhone Developer";
				DEVELOPMENT_TEAM = 543LGZY2RD;
				GENERATE_INFOPLIST_FILE = YES;
				INFOPLIST_FILE = Rev/Info.plist;
				INFOPLIST_KEY_CFBundleDisplayName = Rev;
				INFOPLIST_KEY_NSLocationAlwaysAndWhenInUseUsageDescription = "Rev tracks your movement in the background to claim territory as you drive, bike, or walk.";
				INFOPLIST_KEY_NSLocationWhenInUseUsageDescription = "Rev records your drives to claim territory on the map.";
				INFOPLIST_KEY_NSMotionUsageDescription = "Rev uses motion activity to start and stop drive recording automatically and save battery.";
				INFOPLIST_KEY_UIApplicationSceneManifest_Generation = YES;
				INFOPLIST_KEY_UILaunchScreen_Generation = YES;
				INFOPLIST_KEY_UISupportedInterfaceOrientations = UIInterfaceOrientationPortrait;
				LD_RUNPATH_SEARCH_PATHS = (
					"$(inherited)",
					"@executable_path/Frameworks",
				);
				PRODUCT_BUNDLE_IDENTIFIER = app.driverev.Rev;
				SDKROOT = iphoneos;
				TARGETED_DEVICE_FAMILY = 1;
			};
			name = Debug;
		};
		DE8F2FEDA0B9B6B5C0CE2678 /* Release */ = {
			isa = XCBuildConfiguration;
			buildSettings = {
				ASSETCATALOG_COMPILER_APPICON_NAME = AppIcon;
				CODE_SIGN_ENTITLEMENTS = Rev/Rev.entitlements;
				CODE_SIGN_IDENTITY = "iPhone Developer";
				DEVELOPMENT_TEAM = 543LGZY2RD;
				GENERATE_INFOPLIST_FILE = YES;
				INFOPLIST_FILE = Rev/Info.plist;
				INFOPLIST_KEY_CFBundleDisplayName = Rev;
				INFOPLIST_KEY_NSLocationAlwaysAndWhenInUseUsageDescription = "Rev tracks your movement in the background to claim territory as you drive, bike, or walk.";
				INFOPLIST_KEY_NSLocationWhenInUseUsageDescription = "Rev records your drives to claim territory on the map.";
				INFOPLIST_KEY_NSMotionUsageDescription = "Rev uses motion activity to start and stop drive recording automatically and save battery.";
				INFOPLIST_KEY_UIApplicationSceneManifest_Generation = YES;
				INFOPLIST_KEY_UILaunchScreen_Generation = YES;
				INFOPLIST_KEY_UISupportedInterfaceOrientations = UIInterfaceOrientationPortrait;
				LD_RUNPATH_SEARCH_PATHS = (
					"$(inherited)",
					"@executable_path/Frameworks",
				);
				PRODUCT_BUNDLE_IDENTIFIER = app.driverev.Rev;
				SDKROOT = iphoneos;
				TARGETED_DEVICE_FAMILY = 1;
			};
			name = Release;
		};
/* End XCBuildConfiguration section */

/* Begin XCConfigurationList section */
		86EE6FE616F6F374793C7873 /* Build configuration list for PBXNativeTarget "Rev" */ = {
			isa = XCConfigurationList;
			buildConfigurations = (
				74FC198813A85BCE244158D5 /* Debug */,
				DE8F2FEDA0B9B6B5C0CE2678 /* Release */,
			);
			defaultConfigurationIsVisible = 0;
			defaultConfigurationName = Debug;
		};
		E5AAED5AF29484A42097BAAF /* Build configuration list for PBXProject "Rev" */ = {
			isa = XCConfigurationList;
			buildConfigurations = (
				42775D9C19CFD45F2FD976A5 /* Debug */,
				0F6DDB95F2812D4F55FC2A7E /* Release */,
			);
			defaultConfigurationIsVisible = 0;
			defaultConfigurationName = Debug;
		};
/* End XCConfigurationList section */

/* Begin XCLocalSwiftPackageReference section */
		FE28793762A7F2768A6D8040 /* XCLocalSwiftPackageReference "RevKit" */ = {
			isa = XCLocalSwiftPackageReference;
			relativePath = RevKit;
		};
/* End XCLocalSwiftPackageReference section */

/* Begin XCSwiftPackageProductDependency section */
		D9B7B4275284769A91EF50C5 /* RevKit */ = {
			isa = XCSwiftPackageProductDependency;
			productName = RevKit;
		};
/* End XCSwiftPackageProductDependency section */
	};
	rootObject = C9DC64E27AD1B0C067701727 /* Project object */;
}
