// !$*UTF8*$!
{
	archiveVersion = 1;
	classes = {
	};
	objectVersion = 77;
	objects = {

/* Begin PBXBuildFile section */
		268839E8A9FECD6CB05E3AD0 /* RootView.swift in Sources */ = {isa = PBXBuildFile; fileRef = 292C1B731C299E67A349D3CD /* RootView.swift */; };
		619DA5C1A8096D69252D8BE3 /* RevApp.swift in Sources */ = {isa = PBXBuildFile; fileRef = 7F596F24BC7A345EF2091FD7 /* RevApp.swift */; };
		A005FDDC5A4FA61A6A37438E /* RevKit in Frameworks */ = {isa = PBXBuildFile; productRef = 984287AEEFB22CCCFB395C2F /* RevKit */; };
/* End PBXBuildFile section */

/* Begin PBXFileReference section */
		292C1B731C299E67A349D3CD /* RootView.swift */ = {isa = PBXFileReference; lastKnownFileType = sourcecode.swift; path = RootView.swift; sourceTree = "<group>"; };
		6B2D8225E5425160E315AA70 /* RevKit */ = {isa = PBXFileReference; lastKnownFileType = folder; name = RevKit; path = RevKit; sourceTree = SOURCE_ROOT; };
		7F596F24BC7A345EF2091FD7 /* RevApp.swift */ = {isa = PBXFileReference; lastKnownFileType = sourcecode.swift; path = RevApp.swift; sourceTree = "<group>"; };
		CFBB18A055BAE928BA7F4C5F /* Rev.app */ = {isa = PBXFileReference; includeInIndex = 0; lastKnownFileType = wrapper.application; path = Rev.app; sourceTree = BUILT_PRODUCTS_DIR; };
/* End PBXFileReference section */

/* Begin PBXFrameworksBuildPhase section */
		3728BBD614D0226B96BE284C /* Frameworks */ = {
			isa = PBXFrameworksBuildPhase;
			buildActionMask = 2147483647;
			files = (
				A005FDDC5A4FA61A6A37438E /* RevKit in Frameworks */,
			);
			runOnlyForDeploymentPostprocessing = 0;
		};
/* End PBXFrameworksBuildPhase section */

/* Begin PBXGroup section */
		2A88089CB450CACE9CB9B915 = {
			isa = PBXGroup;
			children = (
				F0EAB0094CD9CCB9CE6CA029 /* Rev */,
				CF0D8FE25D44CB31D3A811F2 /* Packages */,
				C1FF94D03450C1FE468CC16A /* Products */,
			);
			sourceTree = "<group>";
		};
		92AF6C1397B489F86D95B749 /* App */ = {
			isa = PBXGroup;
			children = (
				7F596F24BC7A345EF2091FD7 /* RevApp.swift */,
				292C1B731C299E67A349D3CD /* RootView.swift */,
			);
			path = App;
			sourceTree = "<group>";
		};
		C1FF94D03450C1FE468CC16A /* Products */ = {
			isa = PBXGroup;
			children = (
				CFBB18A055BAE928BA7F4C5F /* Rev.app */,
			);
			name = Products;
			sourceTree = "<group>";
		};
		CF0D8FE25D44CB31D3A811F2 /* Packages */ = {
			isa = PBXGroup;
			children = (
				6B2D8225E5425160E315AA70 /* RevKit */,
			);
			name = Packages;
			sourceTree = "<group>";
		};
		F0EAB0094CD9CCB9CE6CA029 /* Rev */ = {
			isa = PBXGroup;
			children = (
				92AF6C1397B489F86D95B749 /* App */,
			);
			path = Rev;
			sourceTree = "<group>";
		};
/* End PBXGroup section */

/* Begin PBXNativeTarget section */
		DC6717816B83C1BE95188EA0 /* Rev */ = {
			isa = PBXNativeTarget;
			buildConfigurationList = 733865B2C25097AA65A980AC /* Build configuration list for PBXNativeTarget "Rev" */;
			buildPhases = (
				86AF68EBE7DE393BC0C02FC4 /* Sources */,
				3728BBD614D0226B96BE284C /* Frameworks */,
			);
			buildRules = (
			);
			dependencies = (
			);
			name = Rev;
			packageProductDependencies = (
				984287AEEFB22CCCFB395C2F /* RevKit */,
			);
			productName = Rev;
			productReference = CFBB18A055BAE928BA7F4C5F /* Rev.app */;
			productType = "com.apple.product-type.application";
		};
/* End PBXNativeTarget section */

/* Begin PBXProject section */
		6B85D9A6DABEB67A63771796 /* Project object */ = {
			isa = PBXProject;
			attributes = {
				BuildIndependentTargetsInParallel = YES;
				LastUpgradeCheck = 1430;
				TargetAttributes = {
					DC6717816B83C1BE95188EA0 = {
						DevelopmentTeam = "";
					};
				};
			};
			buildConfigurationList = B8B329B0EDB52970913E579C /* Build configuration list for PBXProject "Rev" */;
			developmentRegion = en;
			hasScannedForEncodings = 0;
			knownRegions = (
				Base,
				en,
			);
			mainGroup = 2A88089CB450CACE9CB9B915;
			minimizedProjectReferenceProxies = 1;
			packageReferences = (
				E9D057456FD48A49789AED1E /* XCLocalSwiftPackageReference "RevKit" */,
			);
			preferredProjectObjectVersion = 77;
			productRefGroup = C1FF94D03450C1FE468CC16A /* Products */;
			projectDirPath = "";
			projectRoot = "";
			targets = (
				DC6717816B83C1BE95188EA0 /* Rev */,
			);
		};
/* End PBXProject section */

/* Begin PBXSourcesBuildPhase section */
		86AF68EBE7DE393BC0C02FC4 /* Sources */ = {
			isa = PBXSourcesBuildPhase;
			buildActionMask = 2147483647;
			files = (
				619DA5C1A8096D69252D8BE3 /* RevApp.swift in Sources */,
				268839E8A9FECD6CB05E3AD0 /* RootView.swift in Sources */,
			);
			runOnlyForDeploymentPostprocessing = 0;
		};
/* End PBXSourcesBuildPhase section */

/* Begin XCBuildConfiguration section */
		03824A727F1598EB175A8631 /* Release */ = {
			isa = XCBuildConfiguration;
			buildSettings = {
				ALWAYS_SEARCH_USER_PATHS = NO;
				CLANG_ANALYZER_NONNULL = YES;
				CLANG_ANALYZER_NUMBER_OBJECT_CONVERSION = YES_AGGRESSIVE;
				CLANG_CXX_LANGUAGE_STANDARD = "gnu++14";
				CLANG_CXX_LIBRARY = "libc++";
				CLANG_ENABLE_MODULES = YES;
				CLANG_ENABLE_OBJC_ARC = YES;
				CLANG_ENABLE_OBJC_WEAK = YES;
				CLANG_WARN_BLOCK_CAPTURE_AUTORELEASING = YES;
				CLANG_WARN_BOOL_CONVERSION = YES;
				CLANG_WARN_COMMA = YES;
				CLANG_WARN_CONSTANT_CONVERSION = YES;
				CLANG_WARN_DEPRECATED_OBJC_IMPLEMENTATIONS = YES;
				CLANG_WARN_DIRECT_OBJC_ISA_USAGE = YES_ERROR;
				CLANG_WARN_DOCUMENTATION_COMMENTS = YES;
				CLANG_WARN_EMPTY_BODY = YES;
				CLANG_WARN_ENUM_CONVERSION = YES;
				CLANG_WARN_INFINITE_RECURSION = YES;
				CLANG_WARN_INT_CONVERSION = YES;
				CLANG_WARN_NON_LITERAL_NULL_CONVERSION = YES;
				CLANG_WARN_OBJC_IMPLICIT_RETAIN_SELF = YES;
				CLANG_WARN_OBJC_LITERAL_CONVERSION = YES;
				CLANG_WARN_OBJC_ROOT_CLASS = YES_ERROR;
				CLANG_WARN_QUOTED_INCLUDE_IN_FRAMEWORK_HEADER = YES;
				CLANG_WARN_RANGE_LOOP_ANALYSIS = YES;
				CLANG_WARN_STRICT_PROTOTYPES = YES;
				CLANG_WARN_SUSPICIOUS_MOVE = YES;
				CLANG_WARN_UNGUARDED_AVAILABILITY = YES_AGGRESSIVE;
				CLANG_WARN_UNREACHABLE_CODE = YES;
				CLANG_WARN__DUPLICATE_METHOD_MATCH = YES;
				COPY_PHASE_STRIP = NO;
				CURRENT_PROJECT_VERSION = 1;
				DEBUG_INFORMATION_FORMAT = "dwarf-with-dsym";
				DEVELOPMENT_TEAM = "";
				ENABLE_NS_ASSERTIONS = NO;
				ENABLE_STRICT_OBJC_MSGSEND = YES;
				GCC_C_LANGUAGE_STANDARD = gnu11;
				GCC_NO_COMMON_BLOCKS = YES;
				GCC_WARN_64_TO_32_BIT_CONVERSION = YES;
				GCC_WARN_ABOUT_RETURN_TYPE = YES_ERROR;
				GCC_WARN_UNDECLARED_SELECTOR = YES;
				GCC_WARN_UNINITIALIZED_AUTOS = YES_AGGRESSIVE;
				GCC_WARN_UNUSED_FUNCTION = YES;
				GCC_WARN_UNUSED_VARIABLE = YES;
				IPHONEOS_DEPLOYMENT_TARGET = 17.0;
				MARKETING_VERSION = 0.1.0;
				MTL_ENABLE_DEBUG_INFO = NO;
				MTL_FAST_MATH = YES;
				PRODUCT_NAME = "$(TARGET_NAME)";
				SDKROOT = iphoneos;
				SWIFT_COMPILATION_MODE = wholemodule;
				SWIFT_OPTIMIZATION_LEVEL = "-O";
				SWIFT_VERSION = 6.0;
			};
			name = Release;
		};
		0941E9A50FA254D5BBAF6D25 /* Debug */ = {
			isa = XCBuildConfiguration;
			buildSettings = {
				ASSETCATALOG_COMPILER_APPICON_NAME = AppIcon;
				CODE_SIGN_IDENTITY = "iPhone Developer";
				GENERATE_INFOPLIST_FILE = YES;
				INFOPLIST_KEY_CFBundleDisplayName = Rev;
				INFOPLIST_KEY_NSLocationWhenInUseUsageDescription = "Rev shows your position on the map.";
				INFOPLIST_KEY_UIApplicationSceneManifest_Generation = YES;
				INFOPLIST_KEY_UILaunchScreen_Generation = YES;
				INFOPLIST_KEY_UISupportedInterfaceOrientations = UIInterfaceOrientationPortrait;
				LD_RUNPATH_SEARCH_PATHS = (
					"$(inherited)",
					"@executable_path/Frameworks",
				);
				PRODUCT_BUNDLE_IDENTIFIER = app.driverev.Rev;
				SDKROOT = iphoneos;
				TARGETED_DEVICE_FAMILY = 1;
			};
			name = Debug;
		};
		417FBF2D641893BB84239783 /* Debug */ = {
			isa = XCBuildConfiguration;
			buildSettings = {
				ALWAYS_SEARCH_USER_PATHS = NO;
				CLANG_ANALYZER_NONNULL = YES;
				CLANG_ANALYZER_NUMBER_OBJECT_CONVERSION = YES_AGGRESSIVE;
				CLANG_CXX_LANGUAGE_STANDARD = "gnu++14";
				CLANG_CXX_LIBRARY = "libc++";
				CLANG_ENABLE_MODULES = YES;
				CLANG_ENABLE_OBJC_ARC = YES;
				CLANG_ENABLE_OBJC_WEAK = YES;
				CLANG_WARN_BLOCK_CAPTURE_AUTORELEASING = YES;
				CLANG_WARN_BOOL_CONVERSION = YES;
				CLANG_WARN_COMMA = YES;
				CLANG_WARN_CONSTANT_CONVERSION = YES;
				CLANG_WARN_DEPRECATED_OBJC_IMPLEMENTATIONS = YES;
				CLANG_WARN_DIRECT_OBJC_ISA_USAGE = YES_ERROR;
				CLANG_WARN_DOCUMENTATION_COMMENTS = YES;
				CLANG_WARN_EMPTY_BODY = YES;
				CLANG_WARN_ENUM_CONVERSION = YES;
				CLANG_WARN_INFINITE_RECURSION = YES;
				CLANG_WARN_INT_CONVERSION = YES;
				CLANG_WARN_NON_LITERAL_NULL_CONVERSION = YES;
				CLANG_WARN_OBJC_IMPLICIT_RETAIN_SELF = YES;
				CLANG_WARN_OBJC_LITERAL_CONVERSION = YES;
				CLANG_WARN_OBJC_ROOT_CLASS = YES_ERROR;
				CLANG_WARN_QUOTED_INCLUDE_IN_FRAMEWORK_HEADER = YES;
				CLANG_WARN_RANGE_LOOP_ANALYSIS = YES;
				CLANG_WARN_STRICT_PROTOTYPES = YES;
				CLANG_WARN_SUSPICIOUS_MOVE = YES;
				CLANG_WARN_UNGUARDED_AVAILABILITY = YES_AGGRESSIVE;
				CLANG_WARN_UNREACHABLE_CODE = YES;
				CLANG_WARN__DUPLICATE_METHOD_MATCH = YES;
				COPY_PHASE_STRIP = NO;
				CURRENT_PROJECT_VERSION = 1;
				DEBUG_INFORMATION_FORMAT = dwarf;
				DEVELOPMENT_TEAM = "";
				ENABLE_STRICT_OBJC_MSGSEND = YES;
				ENABLE_TESTABILITY = YES;
				GCC_C_LANGUAGE_STANDARD = gnu11;
				GCC_DYNAMIC_NO_PIC = NO;
				GCC_NO_COMMON_BLOCKS = YES;
				GCC_OPTIMIZATION_LEVEL = 0;
				GCC_PREPROCESSOR_DEFINITIONS = (
					"$(inherited)",
					"DEBUG=1",
				);
				GCC_WARN_64_TO_32_BIT_CONVERSION = YES;
				GCC_WARN_ABOUT_RETURN_TYPE = YES_ERROR;
				GCC_WARN_UNDECLARED_SELECTOR = YES;
				GCC_WARN_UNINITIALIZED_AUTOS = YES_AGGRESSIVE;
				GCC_WARN_UNUSED_FUNCTION = YES;
				GCC_WARN_UNUSED_VARIABLE = YES;
				IPHONEOS_DEPLOYMENT_TARGET = 17.0;
				MARKETING_VERSION = 0.1.0;
				MTL_ENABLE_DEBUG_INFO = INCLUDE_SOURCE;
				MTL_FAST_MATH = YES;
				ONLY_ACTIVE_ARCH = YES;
				PRODUCT_NAME = "$(TARGET_NAME)";
				SDKROOT = iphoneos;
				SWIFT_ACTIVE_COMPILATION_CONDITIONS = DEBUG;
				SWIFT_OPTIMIZATION_LEVEL = "-Onone";
				SWIFT_VERSION = 6.0;
			};
			name = Debug;
		};
		7470336727A2F61069203061 /* Release */ = {
			isa = XCBuildConfiguration;
			buildSettings = {
				ASSETCATALOG_COMPILER_APPICON_NAME = AppIcon;
				CODE_SIGN_IDENTITY = "iPhone Developer";
				GENERATE_INFOPLIST_FILE = YES;
				INFOPLIST_KEY_CFBundleDisplayName = Rev;
				INFOPLIST_KEY_NSLocationWhenInUseUsageDescription = "Rev shows your position on the map.";
				INFOPLIST_KEY_UIApplicationSceneManifest_Generation = YES;
				INFOPLIST_KEY_UILaunchScreen_Generation = YES;
				INFOPLIST_KEY_UISupportedInterfaceOrientations = UIInterfaceOrientationPortrait;
				LD_RUNPATH_SEARCH_PATHS = (
					"$(inherited)",
					"@executable_path/Frameworks",
				);
				PRODUCT_BUNDLE_IDENTIFIER = app.driverev.Rev;
				SDKROOT = iphoneos;
				TARGETED_DEVICE_FAMILY = 1;
			};
			name = Release;
		};
/* End XCBuildConfiguration section */

/* Begin XCConfigurationList section */
		733865B2C25097AA65A980AC /* Build configuration list for PBXNativeTarget "Rev" */ = {
			isa = XCConfigurationList;
			buildConfigurations = (
				0941E9A50FA254D5BBAF6D25 /* Debug */,
				7470336727A2F61069203061 /* Release */,
			);
			defaultConfigurationIsVisible = 0;
			defaultConfigurationName = Debug;
		};
		B8B329B0EDB52970913E579C /* Build configuration list for PBXProject "Rev" */ = {
			isa = XCConfigurationList;
			buildConfigurations = (
				417FBF2D641893BB84239783 /* Debug */,
				03824A727F1598EB175A8631 /* Release */,
			);
			defaultConfigurationIsVisible = 0;
			defaultConfigurationName = Debug;
		};
/* End XCConfigurationList section */

/* Begin XCLocalSwiftPackageReference section */
		E9D057456FD48A49789AED1E /* XCLocalSwiftPackageReference "RevKit" */ = {
			isa = XCLocalSwiftPackageReference;
			relativePath = RevKit;
		};
/* End XCLocalSwiftPackageReference section */

/* Begin XCSwiftPackageProductDependency section */
		984287AEEFB22CCCFB395C2F /* RevKit */ = {
			isa = XCSwiftPackageProductDependency;
			productName = RevKit;
		};
/* End XCSwiftPackageProductDependency section */
	};
	rootObject = 6B85D9A6DABEB67A63771796 /* Project object */;
}
